
Microsoft Visual Studio Solution File, Format Version 12.00
# Visual Studio 15
VisualStudioVersion = 15.0.27004.2006
MinimumVisualStudioVersion = 10.0.40219.1
Project("{9A19103F-16F7-4668-BE54-9A1E7A4F7556}") = "OneAuthZDemoExpensePortal", "OneAuthZDemoExpensePortal\OneAuthZDemoExpensePortal.csproj", "{6ECD953C-EDC5-45F7-89A2-473C84D64C7E}"
EndProject
Project("{9A19103F-16F7-4668-BE54-9A1E7A4F7556}") = "LocalAdminUI", "LocalAdminUI\LocalAdminUI.csproj", "{C2240330-FF9A-461A-99C1-729E8E883187}"
EndProject
Global
	GlobalSection(SolutionConfigurationPlatforms) = preSolution
		Debug|Any CPU = Debug|Any CPU
		Release|Any CPU = Release|Any CPU
	EndGlobalSection
	GlobalSection(ProjectConfigurationPlatforms) = postSolution
		{6ECD953C-EDC5-45F7-89A2-473C84D64C7E}.Debug|Any CPU.ActiveCfg = Debug|Any CPU
		{6ECD953C-EDC5-45F7-89A2-473C84D64C7E}.Debug|Any CPU.Build.0 = Debug|Any CPU
		{6ECD953C-EDC5-45F7-89A2-473C84D64C7E}.Release|Any CPU.ActiveCfg = Release|Any CPU
		{6ECD953C-EDC5-45F7-89A2-473C84D64C7E}.Release|Any CPU.Build.0 = Release|Any CPU
		{C2240330-FF9A-461A-99C1-729E8E883187}.Debug|Any CPU.ActiveCfg = Debug|Any CPU
		{C2240330-FF9A-461A-99C1-729E8E883187}.Debug|Any CPU.Build.0 = Debug|Any CPU
		{C2240330-FF9A-461A-99C1-729E8E883187}.Release|Any CPU.ActiveCfg = Release|Any CPU
		{C2240330-FF9A-461A-99C1-729E8E883187}.Release|Any CPU.Build.0 = Release|Any CPU
	EndGlobalSection
	GlobalSection(SolutionProperties) = preSolution
		HideSolutionNode = FALSE
	EndGlobalSection
	GlobalSection(ExtensibilityGlobals) = postSolution
		SolutionGuid = {9919A887-8A08-4AF2-B292-D9CDAF18BB0E}
	EndGlobalSection
EndGlobal
